// !$*UTF8*$!
{
	archiveVersion = 1;
	classes = {
	};
	objectVersion = 50;
	objects = {

/* Begin PBXBuildFile section */
		1566EDC22678546B006BD441 /* AppDelegate.swift in Sources */ = {isa = PBXBuildFile; fileRef = 1566EDC12678546B006BD441 /* AppDelegate.swift */; };
		1566EDC42678546B006BD441 /* SceneDelegate.swift in Sources */ = {isa = PBXBuildFile; fileRef = 1566EDC32678546B006BD441 /* SceneDelegate.swift */; };
		1566EDC62678546B006BD441 /* ViewController.swift in Sources */ = {isa = PBXBuildFile; fileRef = 1566EDC52678546B006BD441 /* ViewController.swift */; };
		1566EDCB2678546E006BD441 /* Assets.xcassets in Resources */ = {isa = PBXBuildFile; fileRef = 1566EDCA2678546E006BD441 /* Assets.xcassets */; };
		1566EDCE2678546E006BD441 /* LaunchScreen.storyboard in Resources */ = {isa = PBXBuildFile; fileRef = 1566EDCC2678546E006BD441 /* LaunchScreen.storyboard */; };
		1566EDD626785E52006BD441 /* View.swift in Sources */ = {isa = PBXBuildFile; fileRef = 1566EDD526785E52006BD441 /* View.swift */; };
		A393D3027B8646ED9D88CFBA /* Pods_Chatbot.framework in Frameworks */ = {isa = PBXBuildFile; fileRef = E04E0076CF9876E6319DF5F1 /* Pods_Chatbot.framework */; };
/* End PBXBuildFile section */

/* Begin PBXFileReference section */
		0F53D081C0B96E028A57FDC7 /* Pods-Chatbot.debug.xcconfig */ = {isa = PBXFileReference; includeInIndex = 1; lastKnownFileType = text.xcconfig; name = "Pods-Chatbot.debug.xcconfig"; path = "Target Support Files/Pods-Chatbot/Pods-Chatbot.debug.xcconfig"; sourceTree = "<group>"; };
		1566EDBE2678546B006BD441 /* Chatbot.app */ = {isa = PBXFileReference; explicitFileType = wrapper.application; includeInIndex = 0; path = Chatbot.app; sourceTree = BUILT_PRODUCTS_DIR; };
		1566EDC12678546B006BD441 /* AppDelegate.swift */ = {isa = PBXFileReference; lastKnownFileType = sourcecode.swift; path = AppDelegate.swift; sourceTree = "<group>"; };
		1566EDC32678546B006BD441 /* SceneDelegate.swift */ = {isa = PBXFileReference; lastKnownFileType = sourcecode.swift; path = SceneDelegate.swift; sourceTree = "<group>"; };
		1566EDC52678546B006BD441 /* ViewController.swift */ = {isa = PBXFileReference; lastKnownFileType = sourcecode.swift; path = ViewController.swift; sourceTree = "<group>"; };
		1566EDCA2678546E006BD441 /* Assets.xcassets */ = {isa = PBXFileReference; lastKnownFileType = folder.assetcatalog; path = Assets.xcassets; sourceTree = "<group>"; };
		1566EDCD2678546E006BD441 /* Base */ = {isa = PBXFileReference; lastKnownFileType = file.storyboard; name = Base; path = Base.lproj/LaunchScreen.storyboard; sourceTree = "<group>"; };
		1566EDCF2678546E006BD441 /* Info.plist */ = {isa = PBXFileReference; lastKnownFileType = text.plist.xml; path = Info.plist; sourceTree = "<group>"; };
		1566EDD526785E52006BD441 /* View.swift */ = {isa = PBXFileReference; lastKnownFileType = sourcecode.swift; path = View.swift; sourceTree = "<group>"; };
		CB19D630D53B00B466FC1FC4 /* Pods-Chatbot.release.xcconfig */ = {isa = PBXFileReference; includeInIndex = 1; lastKnownFileType = text.xcconfig; name = "Pods-Chatbot.release.xcconfig"; path = "Target Support Files/Pods-Chatbot/Pods-Chatbot.release.xcconfig"; sourceTree = "<group>"; };
		E04E0076CF9876E6319DF5F1 /* Pods_Chatbot.framework */ = {isa = PBXFileReference; explicitFileType = wrapper.framework; includeInIndex = 0; path = Pods_Chatbot.framework; sourceTree = BUILT_PRODUCTS_DIR; };
/* End PBXFileReference section */

/* Begin PBXFrameworksBuildPhase section */
		1566EDBB2678546B006BD441 /* Frameworks */ = {
			isa = PBXFrameworksBuildPhase;
			buildActionMask = 2147483647;
			files = (
				A393D3027B8646ED9D88CFBA /* Pods_Chatbot.framework in Frameworks */,
			);
			runOnlyForDeploymentPostprocessing = 0;
		};
/* End PBXFrameworksBuildPhase section */

/* Begin PBXGroup section */
		1566EDB52678546B006BD441 = {
			isa = PBXGroup;
			children = (
				1566EDC02678546B006BD441 /* Chatbot */,
				1566EDBF2678546B006BD441 /* Products */,
				4FFBC7DEB3E23A492754A51F /* Pods */,
				C4B67C07B78BA11644D0D2FA /* Frameworks */,
			);
			sourceTree = "<group>";
		};
		1566EDBF2678546B006BD441 /* Products */ = {
			isa = PBXGroup;
			children = (
				1566EDBE2678546B006BD441 /* Chatbot.app */,
			);
			name = Products;
			sourceTree = "<group>";
		};
		1566EDC02678546B006BD441 /* Chatbot */ = {
			isa = PBXGroup;
			children = (
				1566EDC12678546B006BD441 /* AppDelegate.swift */,
				1566EDC32678546B006BD441 /* SceneDelegate.swift */,
				1566EDC52678546B006BD441 /* ViewController.swift */,
				1566EDD526785E52006BD441 /* View.swift */,
				1566EDCA2678546E006BD441 /* Assets.xcassets */,
				1566EDCC2678546E006BD441 /* LaunchScreen.storyboard */,
				1566EDCF2678546E006BD441 /* Info.plist */,
			);
			path = Chatbot;
			sourceTree = "<group>";
		};
		4FFBC7DEB3E23A492754A51F /* Pods */ = {
			isa = PBXGroup;
			children = (
				0F53D081C0B96E028A57FDC7 /* Pods-Chatbot.debug.xcconfig */,
				CB19D630D53B00B466FC1FC4 /* Pods-Chatbot.release.xcconfig */,
			);
			name = Pods;
			path = Pods;
			sourceTree = "<group>";
		};
		C4B67C07B78BA11644D0D2FA /* Frameworks */ = {
			isa = PBXGroup;
			children = (
				E04E0076CF9876E6319DF5F1 /* Pods_Chatbot.framework */,
			);
			name = Frameworks;
			sourceTree = "<group>";
		};
/* End PBXGroup section */

/* Begin PBXNativeTarget section */
		1566EDBD2678546B006BD441 /* Chatbot */ = {
			isa = PBXNativeTarget;
			buildConfigurationList = 1566EDD22678546E006BD441 /* Build configuration list for PBXNativeTarget "Chatbot" */;
			buildPhases = (
				1393B32BEA5657F4BE51801A /* [CP] Check Pods Manifest.lock */,
				1566EDBA2678546B006BD441 /* Sources */,
				1566EDBB2678546B006BD441 /* Frameworks */,
				1566EDBC2678546B006BD441 /* Resources */,
				5801A2CA237BD5E5301F2023 /* [CP] Embed Pods Frameworks */,
			);
			buildRules = (
			);
			dependencies = (
			);
			name = Chatbot;
			productName = Chatbot;
			productReference = 1566EDBE2678546B006BD441 /* Chatbot.app */;
			productType = "com.apple.product-type.application";
		};
/* End PBXNativeTarget section */

/* Begin PBXProject section */
		1566EDB62678546B006BD441 /* Project object */ = {
			isa = PBXProject;
			attributes = {
				LastSwiftUpdateCheck = 1250;
				LastUpgradeCheck = 1250;
				TargetAttributes = {
					1566EDBD2678546B006BD441 = {
						CreatedOnToolsVersion = 12.5;
					};
				};
			};
			buildConfigurationList = 1566EDB92678546B006BD441 /* Build configuration list for PBXProject "Chatbot" */;
			compatibilityVersion = "Xcode 9.3";
			developmentRegion = en;
			hasScannedForEncodings = 0;
			knownRegions = (
				en,
				Base,
			);
			mainGroup = 1566EDB52678546B006BD441;
			productRefGroup = 1566EDBF2678546B006BD441 /* Products */;
			projectDirPath = "";
			projectRoot = "";
			targets = (
				1566EDBD2678546B006BD441 /* Chatbot */,
			);
		};
/* End PBXProject section */

/* Begin PBXResourcesBuildPhase section */
		1566EDBC2678546B006BD441 /* Resources */ = {
			isa = PBXResourcesBuildPhase;
			buildActionMask = 2147483647;
			files = (
				1566EDCE2678546E006BD441 /* LaunchScreen.storyboard in Resources */,
				1566EDCB2678546E006BD441 /* Assets.xcassets in Resources */,
			);
			runOnlyForDeploymentPostprocessing = 0;
		};
/* End PBXResourcesBuildPhase section */

/* Begin PBXShellScriptBuildPhase section */
		1393B32BEA5657F4BE51801A /* [CP] Check Pods Manifest.lock */ = {
			isa = PBXShellScriptBuildPhase;
			buildActionMask = 2147483647;
			files = (
			);
			inputFileListPaths = (
			);
			inputPaths = (
				"${PODS_PODFILE_DIR_PATH}/Podfile.lock",
				"${PODS_ROOT}/Manifest.lock",
			);
			name = "[CP] Check Pods Manifest.lock";
			outputFileListPaths = (
			);
			outputPaths = (
				"$(DERIVED_FILE_DIR)/Pods-Chatbot-checkManifestLockResult.txt",
			);
			runOnlyForDeploymentPostprocessing = 0;
			shellPath = /bin/sh;
			shellScript = "diff \"${PODS_PODFILE_DIR_PATH}/Podfile.lock\" \"${PODS_ROOT}/Manifest.lock\" > /dev/null\nif [ $? != 0 ] ; then\n    # print error to STDERR\n    echo \"error: The sandbox is not in sync with the Podfile.lock. Run 'pod install' or update your CocoaPods installation.\" >&2\n    exit 1\nfi\n# This output is used by Xcode 'outputs' to avoid re-running this script phase.\necho \"SUCCESS\" > \"${SCRIPT_OUTPUT_FILE_0}\"\n";
			showEnvVarsInLog = 0;
		};
		5801A2CA237BD5E5301F2023 /* [CP] Embed Pods Frameworks */ = {
			isa = PBXShellScriptBuildPhase;
			buildActionMask = 2147483647;
			files = (
			);
			inputFileListPaths = (
				"${PODS_ROOT}/Target Support Files/Pods-Chatbot/Pods-Chatbot-frameworks-${CONFIGURATION}-input-files.xcfilelist",
			);
			name = "[CP] Embed Pods Frameworks";
			outputFileListPaths = (
				"${PODS_ROOT}/Target Support Files/Pods-Chatbot/Pods-Chatbot-frameworks-${CONFIGURATION}-output-files.xcfilelist",
			);
			runOnlyForDeploymentPostprocessing = 0;
			shellPath = /bin/sh;
			shellScript = "\"${PODS_ROOT}/Target Support Files/Pods-Chatbot/Pods-Chatbot-frameworks.sh\"\n";
			showEnvVarsInLog = 0;
		};
/* End PBXShellScriptBuildPhase section */

/* Begin PBXSourcesBuildPhase section */
		1566EDBA2678546B006BD441 /* Sources */ = {
			isa = PBXSourcesBuildPhase;
			buildActionMask = 2147483647;
			files = (
				1566EDD626785E52006BD441 /* View.swift in Sources */,
				1566EDC62678546B006BD441 /* ViewController.swift in Sources */,
				1566EDC22678546B006BD441 /* AppDelegate.swift in Sources */,
				1566EDC42678546B006BD441 /* SceneDelegate.swift in Sources */,
			);
			runOnlyForDeploymentPostprocessing = 0;
		};
/* End PBXSourcesBuildPhase section */

/* Begin PBXVariantGroup section */
		1566EDCC2678546E006BD441 /* LaunchScreen.storyboard */ = {
			isa = PBXVariantGroup;
			children = (
				1566EDCD2678546E006BD441 /* Base */,
			);
			name = LaunchScreen.storyboard;
			sourceTree = "<group>";
		};
/* End PBXVariantGroup section */

/* Begin XCBuildConfiguration section */
		1566EDD02678546E006BD441 /* Debug */ = {
			isa = XCBuildConfiguration;
			buildSettings = {
				ALWAYS_SEARCH_USER_PATHS = NO;
				CLANG_ANALYZER_NONNULL = YES;
				CLANG_ANALYZER_NUMBER_OBJECT_CONVERSION = YES_AGGRESSIVE;
				CLANG_CXX_LANGUAGE_STANDARD = "gnu++14";
				CLANG_CXX_LIBRARY = "libc++";
				CLANG_ENABLE_MODULES = YES;
				CLANG_ENABLE_OBJC_ARC = YES;
				CLANG_ENABLE_OBJC_WEAK = YES;
				CLANG_WARN_BLOCK_CAPTURE_AUTORELEASING = YES;
				CLANG_WARN_BOOL_CONVERSION = YES;
				CLANG_WARN_COMMA = YES;
				CLANG_WARN_CONSTANT_CONVERSION = YES;
				CLANG_WARN_DEPRECATED_OBJC_IMPLEMENTATIONS = YES;
				CLANG_WARN_DIRECT_OBJC_ISA_USAGE = YES_ERROR;
				CLANG_WARN_DOCUMENTATION_COMMENTS = YES;
				CLANG_WARN_EMPTY_BODY = YES;
				CLANG_WARN_ENUM_CONVERSION = YES;
				CLANG_WARN_INFINITE_RECURSION = YES;
				CLANG_WARN_INT_CONVERSION = YES;
				CLANG_WARN_NON_LITERAL_NULL_CONVERSION = YES;
				CLANG_WARN_OBJC_IMPLICIT_RETAIN_SELF = YES;
				CLANG_WARN_OBJC_LITERAL_CONVERSION = YES;
				CLANG_WARN_OBJC_ROOT_CLASS = YES_ERROR;
				CLANG_WARN_QUOTED_INCLUDE_IN_FRAMEWORK_HEADER = YES;
				CLANG_WARN_RANGE_LOOP_ANALYSIS = YES;
				CLANG_WARN_STRICT_PROTOTYPES = YES;
				CLANG_WARN_SUSPICIOUS_MOVE = YES;
				CLANG_WARN_UNGUARDED_AVAILABILITY = YES_AGGRESSIVE;
				CLANG_WARN_UNREACHABLE_CODE = YES;
				CLANG_WARN__DUPLICATE_METHOD_MATCH = YES;
				COPY_PHASE_STRIP = NO;
				DEBUG_INFORMATION_FORMAT = dwarf;
				ENABLE_STRICT_OBJC_MSGSEND = YES;
				ENABLE_TESTABILITY = YES;
				GCC_C_LANGUAGE_STANDARD = gnu11;
				GCC_DYNAMIC_NO_PIC = NO;
				GCC_NO_COMMON_BLOCKS = YES;
				GCC_OPTIMIZATION_LEVEL = 0;
				GCC_PREPROCESSOR_DEFINITIONS = (
					"DEBUG=1",
					"$(inherited)",
				);
				GCC_WARN_64_TO_32_BIT_CONVERSION = YES;
				GCC_WARN_ABOUT_RETURN_TYPE = YES_ERROR;
				GCC_WARN_UNDECLARED_SELECTOR = YES;
				GCC_WARN_UNINITIALIZED_AUTOS = YES_AGGRESSIVE;
				GCC_WARN_UNUSED_FUNCTION = YES;
				GCC_WARN_UNUSED_VARIABLE = YES;
				IPHONEOS_DEPLOYMENT_TARGET = 14.5;
				MTL_ENABLE_DEBUG_INFO = INCLUDE_SOURCE;
				MTL_FAST_MATH = YES;
				ONLY_ACTIVE_ARCH = YES;
				SDKROOT = iphoneos;
				SWIFT_ACTIVE_COMPILATION_CONDITIONS = DEBUG;
				SWIFT_OPTIMIZATION_LEVEL = "-Onone";
			};
			name = Debug;
		};
		1566EDD12678546E006BD441 /* Release */ = {
			isa = XCBuildConfiguration;
			buildSettings = {
				ALWAYS_SEARCH_USER_PATHS = NO;
				CLANG_ANALYZER_NONNULL = YES;
				CLANG_ANALYZER_NUMBER_OBJECT_CONVERSION = YES_AGGRESSIVE;
				CLANG_CXX_LANGUAGE_STANDARD = "gnu++14";
				CLANG_CXX_LIBRARY = "libc++";
				CLANG_ENABLE_MODULES = YES;
				CLANG_ENABLE_OBJC_ARC = YES;
				CLANG_ENABLE_OBJC_WEAK = YES;
				CLANG_WARN_BLOCK_CAPTURE_AUTORELEASING = YES;
				CLANG_WARN_BOOL_CONVERSION = YES;
				CLANG_WARN_COMMA = YES;
				CLANG_WARN_CONSTANT_CONVERSION = YES;
				CLANG_WARN_DEPRECATED_OBJC_IMPLEMENTATIONS = YES;
				CLANG_WARN_DIRECT_OBJC_ISA_USAGE = YES_ERROR;
				CLANG_WARN_DOCUMENTATION_COMMENTS = YES;
				CLANG_WARN_EMPTY_BODY = YES;
				CLANG_WARN_ENUM_CONVERSION = YES;
				CLANG_WARN_INFINITE_RECURSION = YES;
				CLANG_WARN_INT_CONVERSION = YES;
				CLANG_WARN_NON_LITERAL_NULL_CONVERSION = YES;
				CLANG_WARN_OBJC_IMPLICIT_RETAIN_SELF = YES;
				CLANG_WARN_OBJC_LITERAL_CONVERSION = YES;
				CLANG_WARN_OBJC_ROOT_CLASS = YES_ERROR;
				CLANG_WARN_QUOTED_INCLUDE_IN_FRAMEWORK_HEADER = YES;
				CLANG_WARN_RANGE_LOOP_ANALYSIS = YES;
				CLANG_WARN_STRICT_PROTOTYPES = YES;
				CLANG_WARN_SUSPICIOUS_MOVE = YES;
				CLANG_WARN_UNGUARDED_AVAILABILITY = YES_AGGRESSIVE;
				CLANG_WARN_UNREACHABLE_CODE = YES;
				CLANG_WARN__DUPLICATE_METHOD_MATCH = YES;
				COPY_PHASE_STRIP = NO;
				DEBUG_INFORMATION_FORMAT = "dwarf-with-dsym";
				ENABLE_NS_ASSERTIONS = NO;
				ENABLE_STRICT_OBJC_MSGSEND = YES;
				GCC_C_LANGUAGE_STANDARD = gnu11;
				GCC_NO_COMMON_BLOCKS = YES;
				GCC_WARN_64_TO_32_BIT_CONVERSION = YES;
				GCC_WARN_ABOUT_RETURN_TYPE = YES_ERROR;
				GCC_WARN_UNDECLARED_SELECTOR = YES;
				GCC_WARN_UNINITIALIZED_AUTOS = YES_AGGRESSIVE;
				GCC_WARN_UNUSED_FUNCTION = YES;
				GCC_WARN_UNUSED_VARIABLE = YES;
				IPHONEOS_DEPLOYMENT_TARGET = 14.5;
				MTL_ENABLE_DEBUG_INFO = NO;
				MTL_FAST_MATH = YES;
				SDKROOT = iphoneos;
				SWIFT_COMPILATION_MODE = wholemodule;
				SWIFT_OPTIMIZATION_LEVEL = "-O";
				VALIDATE_PRODUCT = YES;
			};
			name = Release;
		};
		1566EDD32678546E006BD441 /* Debug */ = {
			isa = XCBuildConfiguration;
			baseConfigurationReference = 0F53D081C0B96E028A57FDC7 /* Pods-Chatbot.debug.xcconfig */;
			buildSettings = {
				ASSETCATALOG_COMPILER_APPICON_NAME = AppIcon;
				ASSETCATALOG_COMPILER_GLOBAL_ACCENT_COLOR_NAME = AccentColor;
				CODE_SIGN_STYLE = Automatic;
				DEVELOPMENT_TEAM = G65CZ2W53U;
				INFOPLIST_FILE = Chatbot/Info.plist;
				LD_RUNPATH_SEARCH_PATHS = (
					"$(inherited)",
					"@executable_path/Frameworks",
				);
				PRODUCT_BUNDLE_IDENTIFIER = com.ibotta.Chatbot;
				PRODUCT_NAME = "$(TARGET_NAME)";
				SWIFT_VERSION = 5.0;
				TARGETED_DEVICE_FAMILY = 1;
			};
			name = Debug;
		};
		1566EDD42678546E006BD441 /* Release */ = {
			isa = XCBuildConfiguration;
			baseConfigurationReference = CB19D630D53B00B466FC1FC4 /* Pods-Chatbot.release.xcconfig */;
			buildSettings = {
				ASSETCATALOG_COMPILER_APPICON_NAME = AppIcon;
				ASSETCATALOG_COMPILER_GLOBAL_ACCENT_COLOR_NAME = AccentColor;
				CODE_SIGN_STYLE = Automatic;
				DEVELOPMENT_TEAM = G65CZ2W53U;
				INFOPLIST_FILE = Chatbot/Info.plist;
				LD_RUNPATH_SEARCH_PATHS = (
					"$(inherited)",
					"@executable_path/Frameworks",
				);
				PRODUCT_BUNDLE_IDENTIFIER = com.ibotta.Chatbot;
				PRODUCT_NAME = "$(TARGET_NAME)";
				SWIFT_VERSION = 5.0;
				TARGETED_DEVICE_FAMILY = 1;
			};
			name = Release;
		};
/* End XCBuildConfiguration section */

/* Begin XCConfigurationList section */
		1566EDB92678546B006BD441 /* Build configuration list for PBXProject "Chatbot" */ = {
			isa = XCConfigurationList;
			buildConfigurations = (
				1566EDD02678546E006BD441 /* Debug */,
				1566EDD12678546E006BD441 /* Release */,
			);
			defaultConfigurationIsVisible = 0;
			defaultConfigurationName = Release;
		};
		1566EDD22678546E006BD441 /* Build configuration list for PBXNativeTarget "Chatbot" */ = {
			isa = XCConfigurationList;
			buildConfigurations = (
				1566EDD32678546E006BD441 /* Debug */,
				1566EDD42678546E006BD441 /* Release */,
			);
			defaultConfigurationIsVisible = 0;
			defaultConfigurationName = Release;
		};
/* End XCConfigurationList section */
	};
	rootObject = 1566EDB62678546B006BD441 /* Project object */;
}
